Microsoft Visual Studio Solution File, Format Version 12.00
# Visual Studio Version 17
VisualStudioVersion = 17.5.2.0
MinimumVisualStudioVersion = 10.0.40219.1
Project("{FAE04EC0-301F-11D3-BF4B-00C04F79EFBC}") = "MapTeleport", "MapTeleport.csproj", "{9E16E4FE-5760-F6EC-9C8E-C2496E8DAB9B}"
EndProject
Global
	GlobalSection(SolutionConfigurationPlatforms) = preSolution
		Debug|Any CPU = Debug|Any CPU
		Release|Any CPU = Release|Any CPU
	EndGlobalSection
	GlobalSection(ProjectConfigurationPlatforms) = postSolution
		{9E16E4FE-5760-F6EC-9C8E-C2496E8DAB9B}.Debug|Any CPU.ActiveCfg = Debug|Any CPU
		{9E16E4FE-5760-F6EC-9C8E-C2496E8DAB9B}.Debug|Any CPU.Build.0 = Debug|Any CPU
		{9E16E4FE-5760-F6EC-9C8E-C2496E8DAB9B}.Release|Any CPU.ActiveCfg = Release|Any CPU
		{9E16E4FE-5760-F6EC-9C8E-C2496E8DAB9B}.Release|Any CPU.Build.0 = Release|Any CPU
	EndGlobalSection
	GlobalSection(SolutionProperties) = preSolution
		HideSolutionNode = FALSE
	EndGlobalSection
	GlobalSection(ExtensibilityGlobals) = postSolution
		SolutionGuid = {F9F3CF4C-5736-4143-9A37-187431909018}
	EndGlobalSection
EndGlobal
